
Microsoft Visual Studio Solution File, Format Version 12.00
# Visual Studio Version 17
VisualStudioVersion = 17.2.32616.157
MinimumVisualStudioVersion = 10.0.40219.1
Project("{FAE04EC0-301F-11D3-BF4B-00C04F79EFBC}") = "BudiBu85.PizzaGame", "BudiBu85.PizzaGame\BudiBu85.PizzaGame.csproj", "{F901EC78-C22C-4E2E-A8B9-AE9BE74B0004}"
EndProject
Global
	GlobalSection(SolutionConfigurationPlatforms) = preSolution
		Debug|Any CPU = Debug|Any CPU
		Release|Any CPU = Release|Any CPU
	EndGlobalSection
	GlobalSection(ProjectConfigurationPlatforms) = postSolution
		{F901EC78-C22C-4E2E-A8B9-AE9BE74B0004}.Debug|Any CPU.ActiveCfg = Debug|Any CPU
		{F901EC78-C22C-4E2E-A8B9-AE9BE74B0004}.Debug|Any CPU.Build.0 = Debug|Any CPU
		{F901EC78-C22C-4E2E-A8B9-AE9BE74B0004}.Release|Any CPU.ActiveCfg = Release|Any CPU
		{F901EC78-C22C-4E2E-A8B9-AE9BE74B0004}.Release|Any CPU.Build.0 = Release|Any CPU
	EndGlobalSection
	GlobalSection(SolutionProperties) = preSolution
		HideSolutionNode = FALSE
	EndGlobalSection
	GlobalSection(ExtensibilityGlobals) = postSolution
		SolutionGuid = {94C35EB5-1FA7-424A-A493-C88398DEAB37}
	EndGlobalSection
EndGlobal
